{
    "codeception/codeception": {
        "version": "5.3",
        "recipe": {
            "repo": "github.com/symfony/recipes-contrib",
            "branch": "main",
            "version": "5.0",
            "ref": "d2e352c4777ebd645b269ecdf793deccce16bf50"
        },
        "files": [
            "codeception.yml",
            "tests/Acceptance.suite.yml",
            "tests/Acceptance/.gitignore",
            "tests/Functional.suite.yml",
            "tests/Functional/.gitignore",
            "tests/Support/AcceptanceTester.php",
            "tests/Support/Data/.gitignore",
            "tests/Support/FunctionalTester.php",
            "tests/Support/Helper/.gitignore",
            "tests/Support/UnitTester.php",
            "tests/Support/_generated/.gitignore",
            "tests/Unit.suite.yml",
            "tests/Unit/.gitignore",
            "tests/_output/.gitignore"
        ]
    },
    "phpstan/phpstan": {
        "version": "1.12",
        "recipe": {
            "repo": "github.com/symfony/recipes-contrib",
            "branch": "main",
            "version": "1.0",
            "ref": "5e490cc197fb6bb1ae22e5abbc531ddc633b6767"
        },
        "files": [
            "phpstan.dist.neon"
        ]
    },
    "phpunit/phpunit": {
        "version": "12.5",
        "recipe": {
            "repo": "github.com/symfony/recipes",
            "branch": "main",
            "version": "11.1",
            "ref": "ca0bc067abfb40a8de1b2561b96cbfc2b833c314"
        },
        "files": [
            ".env.test",
            "bin/phpunit",
            "phpunit.xml.dist",
            "tests/bootstrap.php"
        ]
    },
    "symfony/console": {
        "version": "6.4",
        "recipe": {
            "repo": "github.com/symfony/recipes",
            "branch": "main",
            "version": "5.3",
            "ref": "1781ff40d8a17d87cf53f8d4cf0c8346ed2bb461"
        },
        "files": [
            "bin/console"
        ]
    },
    "symfony/flex": {
        "version": "2.10",
        "recipe": {
            "repo": "github.com/symfony/recipes",
            "branch": "main",
            "version": "2.4",
            "ref": "52e9754527a15e2b79d9a610f98185a1fe46622a"
        },
        "files": [
            ".env",
            ".env.dev"
        ]
    },
    "symfony/framework-bundle": {
        "version": "6.4",
        "recipe": {
            "repo": "github.com/symfony/recipes",
            "branch": "main",
            "version": "6.4",
            "ref": "08c492c28925bf921d98bc26fd815ae8a38b33d9"
        },
        "files": [
            "config/packages/cache.yaml",
            "config/packages/framework.yaml",
            "config/preload.php",
            "config/routes/framework.yaml",
            "config/services.yaml",
            "public/index.php",
            "src/Controller/.gitignore",
            "src/Kernel.php"
        ]
    },
    "symfony/monolog-bundle": {
        "version": "3.11",
        "recipe": {
            "repo": "github.com/symfony/recipes",
            "branch": "main",
            "version": "3.7",
            "ref": "1b9efb10c54cb51c713a9391c9300ff8bceda459"
        },
        "files": [
            "config/packages/monolog.yaml"
        ]
    },
    "symfony/routing": {
        "version": "5.4",
        "recipe": {
            "repo": "github.com/symfony/recipes",
            "branch": "main",
            "version": "5.3",
            "ref": "85de1d8ae45b284c3c84b668171d2615049e698f"
        },
        "files": [
            "config/packages/routing.yaml",
            "config/routes.yaml"
        ]
    },
    "symfony/translation": {
        "version": "5.4",
        "recipe": {
            "repo": "github.com/symfony/recipes",
            "branch": "main",
            "version": "5.3",
            "ref": "da64f5a2b6d96f5dc24914517c0350a5f91dee43"
        },
        "files": [
            "config/packages/translation.yaml",
            "translations/.gitignore"
        ]
    },
    "symfony/twig-bundle": {
        "version": "5.4",
        "recipe": {
            "repo": "github.com/symfony/recipes",
            "branch": "main",
            "version": "5.4",
            "ref": "bb2178c57eee79e6be0b297aa96fc0c0def81387"
        },
        "files": [
            "config/packages/twig.yaml",
            "templates/base.html.twig"
        ]
    },
    "symfony/web-profiler-bundle": {
        "version": "5.4",
        "recipe": {
            "repo": "github.com/symfony/recipes",
            "branch": "main",
            "version": "5.3",
            "ref": "24bbc3d84ef2f427f82104f766014e799eefcc3e"
        },
        "files": [
            "config/packages/web_profiler.yaml",
            "config/routes/web_profiler.yaml"
        ]
    },
    "symfony/webpack-encore-bundle": {
        "version": "1.16",
        "recipe": {
            "repo": "github.com/symfony/recipes",
            "branch": "main",
            "version": "1.10",
            "ref": "f8fc53f1942f76679e9ee3c25fd44865355707b5"
        },
        "files": [
            "assets/app.js",
            "assets/bootstrap.js",
            "assets/controllers.json",
            "assets/controllers/hello_controller.js",
            "assets/styles/app.css",
            "config/packages/webpack_encore.yaml",
            "package.json",
            "webpack.config.js"
        ]
    },
    "twig/extra-bundle": {
        "version": "v3.5.0"
    }
}
